
Microsoft Visual Studio Solution File, Format Version 12.00
# Visual Studio Version 17
VisualStudioVersion = 17.0.31903.59
MinimumVisualStudioVersion = 10.0.40219.1
Project("{2150E333-8FDC-42A3-9474-1A3956D46DE8}") = "src", "src", "{065BC6AA-1811-4CB3-8855-17EE090A2CEE}"
EndProject
Project("{FAE04EC0-301F-11D3-BF4B-00C04F79EFBC}") = "AuctionService", "src\AuctionService\AuctionService.csproj", "{F4326738-C697-43EE-A05C-3909EA8F9096}"
EndProject
Project("{FAE04EC0-301F-11D3-BF4B-00C04F79EFBC}") = "SearchService", "src\SearchService\SearchService.csproj", "{F9A9D980-D616-42CF-B9A9-37C82432ACB9}"
EndProject
Project("{FAE04EC0-301F-11D3-BF4B-00C04F79EFBC}") = "Contracts", "src\Contracts\Contracts.csproj", "{DF93BBBA-F807-4D3B-A50C-831CACEF3B69}"
EndProject
Project("{FAE04EC0-301F-11D3-BF4B-00C04F79EFBC}") = "IdentityService", "src\IdentityService\IdentityService.csproj", "{E5481752-674B-4BA4-91B3-255376255CE2}"
EndProject
Project("{FAE04EC0-301F-11D3-BF4B-00C04F79EFBC}") = "GatewayService", "src\GatewayService\GatewayService.csproj", "{67AC36DF-24CE-40A6-A9A7-1B28236CC213}"
EndProject
Project("{2150E333-8FDC-42A3-9474-1A3956D46DE8}") = "tests", "tests", "{A41ADE70-D76F-4C9E-B079-3369B9C35AF8}"
EndProject
Project("{FAE04EC0-301F-11D3-BF4B-00C04F79EFBC}") = "AuctionService.UnitTests", "tests\AuctionService.UnitTests\AuctionService.UnitTests.csproj", "{70B773C4-24B1-4643-AFA2-0F5AB4AE495E}"
EndProject
Project("{FAE04EC0-301F-11D3-BF4B-00C04F79EFBC}") = "AuctionService.IntegrationTests", "tests\AuctionService.IntegrationTests\AuctionService.IntegrationTests.csproj", "{D2E4AAF1-BD35-4454-A5A1-996896A58065}"
EndProject
Project("{FAE04EC0-301F-11D3-BF4B-00C04F79EFBC}") = "BiddingService", "src\BiddingService\BiddingService.csproj", "{1F0C91EE-C2C2-46C0-83E8-5AD7931B2FE6}"
EndProject
Global
	GlobalSection(SolutionConfigurationPlatforms) = preSolution
		Debug|Any CPU = Debug|Any CPU
		Release|Any CPU = Release|Any CPU
	EndGlobalSection
	GlobalSection(ProjectConfigurationPlatforms) = postSolution
		{F4326738-C697-43EE-A05C-3909EA8F9096}.Debug|Any CPU.ActiveCfg = Debug|Any CPU
		{F4326738-C697-43EE-A05C-3909EA8F9096}.Debug|Any CPU.Build.0 = Debug|Any CPU
		{F4326738-C697-43EE-A05C-3909EA8F9096}.Release|Any CPU.ActiveCfg = Release|Any CPU
		{F4326738-C697-43EE-A05C-3909EA8F9096}.Release|Any CPU.Build.0 = Release|Any CPU
		{F9A9D980-D616-42CF-B9A9-37C82432ACB9}.Debug|Any CPU.ActiveCfg = Debug|Any CPU
		{F9A9D980-D616-42CF-B9A9-37C82432ACB9}.Debug|Any CPU.Build.0 = Debug|Any CPU
		{F9A9D980-D616-42CF-B9A9-37C82432ACB9}.Release|Any CPU.ActiveCfg = Release|Any CPU
		{F9A9D980-D616-42CF-B9A9-37C82432ACB9}.Release|Any CPU.Build.0 = Release|Any CPU
		{DF93BBBA-F807-4D3B-A50C-831CACEF3B69}.Debug|Any CPU.ActiveCfg = Debug|Any CPU
		{DF93BBBA-F807-4D3B-A50C-831CACEF3B69}.Debug|Any CPU.Build.0 = Debug|Any CPU
		{DF93BBBA-F807-4D3B-A50C-831CACEF3B69}.Release|Any CPU.ActiveCfg = Release|Any CPU
		{DF93BBBA-F807-4D3B-A50C-831CACEF3B69}.Release|Any CPU.Build.0 = Release|Any CPU
		{E5481752-674B-4BA4-91B3-255376255CE2}.Debug|Any CPU.ActiveCfg = Debug|Any CPU
		{E5481752-674B-4BA4-91B3-255376255CE2}.Debug|Any CPU.Build.0 = Debug|Any CPU
		{E5481752-674B-4BA4-91B3-255376255CE2}.Release|Any CPU.ActiveCfg = Release|Any CPU
		{E5481752-674B-4BA4-91B3-255376255CE2}.Release|Any CPU.Build.0 = Release|Any CPU
		{67AC36DF-24CE-40A6-A9A7-1B28236CC213}.Debug|Any CPU.ActiveCfg = Debug|Any CPU
		{67AC36DF-24CE-40A6-A9A7-1B28236CC213}.Debug|Any CPU.Build.0 = Debug|Any CPU
		{67AC36DF-24CE-40A6-A9A7-1B28236CC213}.Release|Any CPU.ActiveCfg = Release|Any CPU
		{67AC36DF-24CE-40A6-A9A7-1B28236CC213}.Release|Any CPU.Build.0 = Release|Any CPU
		{70B773C4-24B1-4643-AFA2-0F5AB4AE495E}.Debug|Any CPU.ActiveCfg = Debug|Any CPU
		{70B773C4-24B1-4643-AFA2-0F5AB4AE495E}.Debug|Any CPU.Build.0 = Debug|Any CPU
		{70B773C4-24B1-4643-AFA2-0F5AB4AE495E}.Release|Any CPU.ActiveCfg = Release|Any CPU
		{70B773C4-24B1-4643-AFA2-0F5AB4AE495E}.Release|Any CPU.Build.0 = Release|Any CPU
		{D2E4AAF1-BD35-4454-A5A1-996896A58065}.Debug|Any CPU.ActiveCfg = Debug|Any CPU
		{D2E4AAF1-BD35-4454-A5A1-996896A58065}.Debug|Any CPU.Build.0 = Debug|Any CPU
		{D2E4AAF1-BD35-4454-A5A1-996896A58065}.Release|Any CPU.ActiveCfg = Release|Any CPU
		{D2E4AAF1-BD35-4454-A5A1-996896A58065}.Release|Any CPU.Build.0 = Release|Any CPU
		{1F0C91EE-C2C2-46C0-83E8-5AD7931B2FE6}.Debug|Any CPU.ActiveCfg = Debug|Any CPU
		{1F0C91EE-C2C2-46C0-83E8-5AD7931B2FE6}.Debug|Any CPU.Build.0 = Debug|Any CPU
		{1F0C91EE-C2C2-46C0-83E8-5AD7931B2FE6}.Release|Any CPU.ActiveCfg = Release|Any CPU
		{1F0C91EE-C2C2-46C0-83E8-5AD7931B2FE6}.Release|Any CPU.Build.0 = Release|Any CPU
	EndGlobalSection
	GlobalSection(SolutionProperties) = preSolution
		HideSolutionNode = FALSE
	EndGlobalSection
	GlobalSection(NestedProjects) = preSolution
		{F4326738-C697-43EE-A05C-3909EA8F9096} = {065BC6AA-1811-4CB3-8855-17EE090A2CEE}
		{F9A9D980-D616-42CF-B9A9-37C82432ACB9} = {065BC6AA-1811-4CB3-8855-17EE090A2CEE}
		{DF93BBBA-F807-4D3B-A50C-831CACEF3B69} = {065BC6AA-1811-4CB3-8855-17EE090A2CEE}
		{E5481752-674B-4BA4-91B3-255376255CE2} = {065BC6AA-1811-4CB3-8855-17EE090A2CEE}
		{67AC36DF-24CE-40A6-A9A7-1B28236CC213} = {065BC6AA-1811-4CB3-8855-17EE090A2CEE}
		{70B773C4-24B1-4643-AFA2-0F5AB4AE495E} = {A41ADE70-D76F-4C9E-B079-3369B9C35AF8}
		{D2E4AAF1-BD35-4454-A5A1-996896A58065} = {A41ADE70-D76F-4C9E-B079-3369B9C35AF8}
		{1F0C91EE-C2C2-46C0-83E8-5AD7931B2FE6} = {065BC6AA-1811-4CB3-8855-17EE090A2CEE}
	EndGlobalSection
EndGlobal
